
Microsoft Visual Studio Solution File, Format Version 12.00
# Visual Studio Version 16
VisualStudioVersion = 16.0.30002.166
MinimumVisualStudioVersion = 10.0.40219.1
Project("{FAE04EC0-301F-11D3-BF4B-00C04F79EFBC}") = "WindowsFormsApp2", "WindowsFormsApp2\WindowsFormsApp2.csproj", "{14817E76-BD5B-493B-A06D-2A16C62BF47B}"
EndProject
Global
	GlobalSection(SolutionConfigurationPlatforms) = preSolution
		Debug|Any CPU = Debug|Any CPU
		Release|Any CPU = Release|Any CPU
	EndGlobalSection
	GlobalSection(ProjectConfigurationPlatforms) = postSolution
		{14817E76-BD5B-493B-A06D-2A16C62BF47B}.Debug|Any CPU.ActiveCfg = Debug|Any CPU
		{14817E76-BD5B-493B-A06D-2A16C62BF47B}.Debug|Any CPU.Build.0 = Debug|Any CPU
		{14817E76-BD5B-493B-A06D-2A16C62BF47B}.Release|Any CPU.ActiveCfg = Release|Any CPU
		{14817E76-BD5B-493B-A06D-2A16C62BF47B}.Release|Any CPU.Build.0 = Release|Any CPU
	EndGlobalSection
	GlobalSection(SolutionProperties) = preSolution
		HideSolutionNode = FALSE
	EndGlobalSection
	GlobalSection(ExtensibilityGlobals) = postSolution
		SolutionGuid = {E64AE0AE-B281-4598-8AD5-26BD9401C932}
	EndGlobalSection
EndGlobal
